{
    "_meta": {
        "hash": {
            "sha256": "190b83530de3f896fc0a1e5352b1c8c076ad6b5da24ff909686ffa3f6001b429"
        },
        "pipfile-spec": 6,
        "requires": {
            "python_version": "3.9"
        },
        "sources": [
            {
                "name": "pypi",
                "url": "https://pypi.org/simple",
                "verify_ssl": true
            }
        ]
    },
    "default": {
        "sh": {
            "hashes": [
                "sha256:4921ac9c1a77ec8084bdfaf152fe14138e2b3557cc740002c1a97076321fce8a",
                "sha256:9d7bd0334d494b2a4609fe521b2107438cdb21c0e469ffeeb191489883d6fe0d"
            ],
            "index": "pypi",
            "version": "==1.14.2"
        }
    },
    "develop": {}
}
